Microsoft Visual Studio Solution File, Format Version 12.00
# Visual Studio Version 17
VisualStudioVersion = 17.0.31903.59
MinimumVisualStudioVersion = 10.0.40219.1
Project("{FAE04EC0-301F-11D3-BF4B-00C04F79EFBC}") = "CSharp2CUDA", "src\CSharp2CUDA\CSharp2CUDA.csproj", "{1B87719E-7190-4E16-A257-8F3DE80D4841}"
EndProject
Project("{FAE04EC0-301F-11D3-BF4B-00C04F79EFBC}") = "CSharp2CUDA.Tests", "tests\CSharp2CUDA.Tests\CSharp2CUDA.Tests.csproj", "{C87C5F8E-4EF8-4575-B0F1-3C60AFE0FB8A}"
EndProject
Global
	GlobalSection(SolutionConfigurationPlatforms) = preSolution
		Debug|Any CPU = Debug|Any CPU
		Release|Any CPU = Release|Any CPU
	EndGlobalSection
	GlobalSection(ProjectConfigurationPlatforms) = postSolution
		{1B87719E-7190-4E16-A257-8F3DE80D4841}.Debug|Any CPU.ActiveCfg = Debug|Any CPU
		{1B87719E-7190-4E16-A257-8F3DE80D4841}.Debug|Any CPU.Build.0 = Debug|Any CPU
		{1B87719E-7190-4E16-A257-8F3DE80D4841}.Release|Any CPU.ActiveCfg = Release|Any CPU
		{1B87719E-7190-4E16-A257-8F3DE80D4841}.Release|Any CPU.Build.0 = Release|Any CPU
		{C87C5F8E-4EF8-4575-B0F1-3C60AFE0FB8A}.Debug|Any CPU.ActiveCfg = Debug|Any CPU
		{C87C5F8E-4EF8-4575-B0F1-3C60AFE0FB8A}.Debug|Any CPU.Build.0 = Debug|Any CPU
		{C87C5F8E-4EF8-4575-B0F1-3C60AFE0FB8A}.Release|Any CPU.ActiveCfg = Release|Any CPU
		{C87C5F8E-4EF8-4575-B0F1-3C60AFE0FB8A}.Release|Any CPU.Build.0 = Release|Any CPU
	EndGlobalSection
EndGlobal
