<Solution>
  <Project Path="Supprocom.CSharp2CUDA.PackageTests/Audit/Audit.csproj" />
  <Project Path="Supprocom.CSharp2CUDA.PackageTests.Generator/Supprocom.CSharp2CUDA.PackageTests.Generator.csproj" />
  <Project Path="Supprocom.CSharp2CUDA.Build/Supprocom.CSharp2CUDA.Build.csproj" />
  <Project Path="Supprocom.CSharp2CUDA.Compiler/Supprocom.CSharp2CUDA.Compiler.csproj" />
  <Project Path="Supprocom.CSharp2CUDA.Tests/Supprocom.CSharp2CUDA.Tests.csproj" />
  <Project Path="Supprocom.CSharp2CUDA/Supprocom.CSharp2CUDA.csproj" />
</Solution>
